// !$*UTF8*$!
{
	archiveVersion = 1;
	classes = {
	};
	objectVersion = 50;
	objects = {

/* Begin PBXAggregateTarget section */
		6586276B2211AA66000657CA /* Periphery */ = {
			isa = PBXAggregateTarget;
			buildConfigurationList = 6586276C2211AA66000657CA /* Build configuration list for PBXAggregateTarget "Periphery" */;
			buildPhases = (
				6586276F2211AA73000657CA /* Run Script */,
			);
			dependencies = (
			);
			name = Periphery;
			productName = Periphery;
		};
/* End PBXAggregateTarget section */

/* Begin PBXBuildFile section */
		6512BBA0224961E200874F70 /* TODOServiceProtocol.swift in Sources */ = {isa = PBXBuildFile; fileRef = 6512BB9F224961E200874F70 /* TODOServiceProtocol.swift */; };
		6512BBA3224965AC00874F70 /* TODOMockService.swift in Sources */ = {isa = PBXBuildFile; fileRef = 6512BBA2224965AC00874F70 /* TODOMockService.swift */; };
		657081582211FD7B000F0D51 /* Localizable.strings in Resources */ = {isa = PBXBuildFile; fileRef = 657081522211FD7B000F0D51 /* Localizable.strings */; };
		6570815F2211FE47000F0D51 /* Localization.swift in Sources */ = {isa = PBXBuildFile; fileRef = 6570815E2211FE47000F0D51 /* Localization.swift */; };
		6570816322120404000F0D51 /* Assets.swift in Sources */ = {isa = PBXBuildFile; fileRef = 6570816222120404000F0D51 /* Assets.swift */; };
		6570817222120B88000F0D51 /* SF-Pro-Display-Medium.otf in Resources */ = {isa = PBXBuildFile; fileRef = 6570816822120B88000F0D51 /* SF-Pro-Display-Medium.otf */; };
		6570817322120B88000F0D51 /* SF-Pro-Display-Bold.otf in Resources */ = {isa = PBXBuildFile; fileRef = 6570816922120B88000F0D51 /* SF-Pro-Display-Bold.otf */; };
		6570817422120B88000F0D51 /* SF-Pro-Display-Heavy.otf in Resources */ = {isa = PBXBuildFile; fileRef = 6570816A22120B88000F0D51 /* SF-Pro-Display-Heavy.otf */; };
		6570817522120B88000F0D51 /* SFCompactDisplay-Regular.otf in Resources */ = {isa = PBXBuildFile; fileRef = 6570816B22120B88000F0D51 /* SFCompactDisplay-Regular.otf */; };
		6570817622120B88000F0D51 /* SFCompactDisplay-Medium.otf in Resources */ = {isa = PBXBuildFile; fileRef = 6570816C22120B88000F0D51 /* SFCompactDisplay-Medium.otf */; };
		6570817722120B88000F0D51 /* SF-Pro-Display-Regular.otf in Resources */ = {isa = PBXBuildFile; fileRef = 6570816D22120B88000F0D51 /* SF-Pro-Display-Regular.otf */; };
		6570817822120B88000F0D51 /* SFCompactDisplay-Light.otf in Resources */ = {isa = PBXBuildFile; fileRef = 6570816E22120B88000F0D51 /* SFCompactDisplay-Light.otf */; };
		6570817922120B88000F0D51 /* SFCompactDisplay-Bold.otf in Resources */ = {isa = PBXBuildFile; fileRef = 6570816F22120B88000F0D51 /* SFCompactDisplay-Bold.otf */; };
		6570817A22120B88000F0D51 /* SF-Pro-Display-Light.otf in Resources */ = {isa = PBXBuildFile; fileRef = 6570817022120B88000F0D51 /* SF-Pro-Display-Light.otf */; };
		6570817B22120B88000F0D51 /* SFCompactDisplay-Heavy.otf in Resources */ = {isa = PBXBuildFile; fileRef = 6570817122120B88000F0D51 /* SFCompactDisplay-Heavy.otf */; };
		6570817D22120BEE000F0D51 /* Colors.swift in Sources */ = {isa = PBXBuildFile; fileRef = 6570817C22120BED000F0D51 /* Colors.swift */; };
		6570817F22120BFA000F0D51 /* Fonts.swift in Sources */ = {isa = PBXBuildFile; fileRef = 6570817E22120BFA000F0D51 /* Fonts.swift */; };
		6586274422118A76000657CA /* ViewController.swift in Sources */ = {isa = PBXBuildFile; fileRef = 6586274322118A76000657CA /* ViewController.swift */; };
		6586274722118A76000657CA /* Main.storyboard in Resources */ = {isa = PBXBuildFile; fileRef = 6586274522118A76000657CA /* Main.storyboard */; };
		6586274C22118A77000657CA /* LaunchScreen.storyboard in Resources */ = {isa = PBXBuildFile; fileRef = 6586274A22118A77000657CA /* LaunchScreen.storyboard */; };
		6586275D22118DDB000657CA /* Async.framework in Frameworks */ = {isa = PBXBuildFile; fileRef = 6586275722118DDB000657CA /* Async.framework */; };
		6586275F22118DDB000657CA /* SwiftyUtils.framework in Frameworks */ = {isa = PBXBuildFile; fileRef = 6586275922118DDB000657CA /* SwiftyUtils.framework */; };
		6586276022118DDB000657CA /* Haptica.framework in Frameworks */ = {isa = PBXBuildFile; fileRef = 6586275A22118DDB000657CA /* Haptica.framework */; };
		6586276122118DDB000657CA /* AppFolder.framework in Frameworks */ = {isa = PBXBuildFile; fileRef = 6586275B22118DDB000657CA /* AppFolder.framework */; };
		6586276922119C4A000657CA /* Peek.framework in Frameworks */ = {isa = PBXBuildFile; fileRef = 6586275822118DDB000657CA /* Peek.framework */; };
		6586276A22119F29000657CA /* FontAwesome.framework in Frameworks */ = {isa = PBXBuildFile; fileRef = 6586275622118DDB000657CA /* FontAwesome.framework */; };
		658627772211B490000657CA /* AppDelegate.swift in Sources */ = {isa = PBXBuildFile; fileRef = 658627762211B48F000657CA /* AppDelegate.swift */; };
		6586277B2211B4D0000657CA /* Assets.xcassets in Resources */ = {isa = PBXBuildFile; fileRef = 6586277A2211B4D0000657CA /* Assets.xcassets */; };
		65A0D654223469C100A2E284 /* Promises.framework in Frameworks */ = {isa = PBXBuildFile; fileRef = 65A0D653223469C100A2E284 /* Promises.framework */; };
		65A0D65722346E4700A2E284 /* FBLPromises.framework in Frameworks */ = {isa = PBXBuildFile; fileRef = 65A0D65622346E4700A2E284 /* FBLPromises.framework */; };
		65A0D65A2235306100A2E284 /* Network+Extension.swift in Sources */ = {isa = PBXBuildFile; fileRef = 65A0D6592235306100A2E284 /* Network+Extension.swift */; };
		65A0D65D223530A200A2E284 /* TODOEndpoint.swift in Sources */ = {isa = PBXBuildFile; fileRef = 65A0D65C223530A200A2E284 /* TODOEndpoint.swift */; };
		65A0D65F2235314C00A2E284 /* TODOConstants.swift in Sources */ = {isa = PBXBuildFile; fileRef = 65A0D65E2235314C00A2E284 /* TODOConstants.swift */; };
		65A0D663223532EA00A2E284 /* TODOAPIClient.swift in Sources */ = {isa = PBXBuildFile; fileRef = 65A0D662223532EA00A2E284 /* TODOAPIClient.swift */; };
		65A0D6652235336800A2E284 /* TODOAPIClientModels.swift in Sources */ = {isa = PBXBuildFile; fileRef = 65A0D6642235336800A2E284 /* TODOAPIClientModels.swift */; };
		65A0D6662235364200A2E284 /* Alamofire.framework in Frameworks */ = {isa = PBXBuildFile; fileRef = 65C0BC12221A05E30023F75F /* Alamofire.framework */; };
		65A0D66922353B7500A2E284 /* TODOServiceModels.swift in Sources */ = {isa = PBXBuildFile; fileRef = 65A0D66822353B7500A2E284 /* TODOServiceModels.swift */; };
		65A0D66B22353B7D00A2E284 /* TODOService.swift in Sources */ = {isa = PBXBuildFile; fileRef = 65A0D66A22353B7D00A2E284 /* TODOService.swift */; };
		65A0D66D22354F6600A2E284 /* TODO.swift in Sources */ = {isa = PBXBuildFile; fileRef = 65A0D66C22354F6600A2E284 /* TODO.swift */; };
		65D36B83223D625300CDBFD6 /* AppThemeProtocols.swift in Sources */ = {isa = PBXBuildFile; fileRef = 65D36B82223D625300CDBFD6 /* AppThemeProtocols.swift */; };
		65D36B85223D72B400CDBFD6 /* AppTheme.swift in Sources */ = {isa = PBXBuildFile; fileRef = 65D36B84223D72B400CDBFD6 /* AppTheme.swift */; };
		65DAA8B5221C840300F0A08C /* Json.swift in Sources */ = {isa = PBXBuildFile; fileRef = 65DAA8B4221C840300F0A08C /* Json.swift */; };
		65DAA8B7221C842B00F0A08C /* JsonConvertible.swift in Sources */ = {isa = PBXBuildFile; fileRef = 65DAA8B6221C842B00F0A08C /* JsonConvertible.swift */; };
		65DAA8E7221F4CE900F0A08C /* IBLocalizable.framework in Frameworks */ = {isa = PBXBuildFile; fileRef = 65DAA8E6221F4CE900F0A08C /* IBLocalizable.framework */; };
		65DAA8E9221FDDCE00F0A08C /* Json+Alamofire+Extensions.swift in Sources */ = {isa = PBXBuildFile; fileRef = 65DAA8E8221FDDCE00F0A08C /* Json+Alamofire+Extensions.swift */; };
		65DFFC482235592300E678EC /* APIClient.swift in Sources */ = {isa = PBXBuildFile; fileRef = 65DFFC472235592300E678EC /* APIClient.swift */; };
		65DFFC4A2235594400E678EC /* MappableModel.swift in Sources */ = {isa = PBXBuildFile; fileRef = 65DFFC492235594400E678EC /* MappableModel.swift */; };
		65DFFC4C2235595B00E678EC /* APIConfiguration.swift in Sources */ = {isa = PBXBuildFile; fileRef = 65DFFC4B2235595B00E678EC /* APIConfiguration.swift */; };
		65DFFC4E2235684900E678EC /* APIService.swift in Sources */ = {isa = PBXBuildFile; fileRef = 65DFFC4D2235684900E678EC /* APIService.swift */; };
		65DFFC502235689800E678EC /* TODOServiceViewModels.swift in Sources */ = {isa = PBXBuildFile; fileRef = 65DFFC4F2235689800E678EC /* TODOServiceViewModels.swift */; };
		65DFFC5222356C7E00E678EC /* ViewModel.swift in Sources */ = {isa = PBXBuildFile; fileRef = 65DFFC5122356C7E00E678EC /* ViewModel.swift */; };
		65DFFC542235754200E678EC /* LocalConfig.swift in Sources */ = {isa = PBXBuildFile; fileRef = 65DFFC532235754200E678EC /* LocalConfig.swift */; };
		65DFFC572235A80600E678EC /* SideVolumeHUD.swift in Sources */ = {isa = PBXBuildFile; fileRef = 65A0D6242221CFE300A2E284 /* SideVolumeHUD.swift */; };
		65DFFC582235A80900E678EC /* SideVolumeHUDHolderView.swift in Sources */ = {isa = PBXBuildFile; fileRef = 65A0D6202221772300A2E284 /* SideVolumeHUDHolderView.swift */; };
		65DFFC592235A80900E678EC /* SideVolumeHUDView.swift in Sources */ = {isa = PBXBuildFile; fileRef = 65A0D6222221772C00A2E284 /* SideVolumeHUDView.swift */; };
		65DFFC5B2235A80C00E678EC /* Logger.swift in Sources */ = {isa = PBXBuildFile; fileRef = 65DAA8B8221C856600F0A08C /* Logger.swift */; };
		65DFFC5C2235A80C00E678EC /* Future.swift in Sources */ = {isa = PBXBuildFile; fileRef = 65A0D6512234616900A2E284 /* Future.swift */; };
		65ED19C8223D4E3600822F8E /* Resource.swift in Sources */ = {isa = PBXBuildFile; fileRef = 65ED19C7223D4E3600822F8E /* Resource.swift */; };
		65ED19CF223D56C200822F8E /* AppConfig+Details.swift in Sources */ = {isa = PBXBuildFile; fileRef = 65ED19CA223D56C200822F8E /* AppConfig+Details.swift */; };
		65ED19D0223D56C200822F8E /* Color.swift in Sources */ = {isa = PBXBuildFile; fileRef = 65ED19CB223D56C200822F8E /* Color.swift */; };
		65ED19D1223D56C200822F8E /* LoadConfig+Extensions.swift in Sources */ = {isa = PBXBuildFile; fileRef = 65ED19CC223D56C200822F8E /* LoadConfig+Extensions.swift */; };
		65ED19D2223D56C200822F8E /* ViewState.swift in Sources */ = {isa = PBXBuildFile; fileRef = 65ED19CD223D56C200822F8E /* ViewState.swift */; };
		65ED19D3223D56C200822F8E /* DynamicAppConfig.swift in Sources */ = {isa = PBXBuildFile; fileRef = 65ED19CE223D56C200822F8E /* DynamicAppConfig.swift */; };
		65ED19D6223D5CD100822F8E /* Cache.swift in Sources */ = {isa = PBXBuildFile; fileRef = 65ED19D5223D5CD100822F8E /* Cache.swift */; };
		65ED19D8223D5CE300822F8E /* UserDefault.swift in Sources */ = {isa = PBXBuildFile; fileRef = 65ED19D7223D5CE300822F8E /* UserDefault.swift */; };
		65ED19DA223D5D0000822F8E /* DiskStorage.swift in Sources */ = {isa = PBXBuildFile; fileRef = 65ED19D9223D5D0000822F8E /* DiskStorage.swift */; };
		B02F15442A762B663F563734 /* APIConfiguration+Sourcery.generated.swift in Sources */ = {isa = PBXBuildFile; fileRef = B02F1D530D489BC5CC19155D /* APIConfiguration+Sourcery.generated.swift */; };
/* End PBXBuildFile section */

/* Begin PBXFileReference section */
		6512BB9F224961E200874F70 /* TODOServiceProtocol.swift */ = {isa = PBXFileReference; lastKnownFileType = sourcecode.swift; path = TODOServiceProtocol.swift; sourceTree = "<group>"; };
		6512BBA2224965AC00874F70 /* TODOMockService.swift */ = {isa = PBXFileReference; lastKnownFileType = sourcecode.swift; path = TODOMockService.swift; sourceTree = "<group>"; };
		6570814A2211F855000F0D51 /* Periphery.sh */ = {isa = PBXFileReference; lastKnownFileType = text.script.sh; path = Periphery.sh; sourceTree = "<group>"; };
		6570814B2211F855000F0D51 /* TODOs.sh */ = {isa = PBXFileReference; lastKnownFileType = text.script.sh; path = TODOs.sh; sourceTree = "<group>"; };
		6570814F2211FB98000F0D51 /* swiftgen.yml */ = {isa = PBXFileReference; lastKnownFileType = text; path = swiftgen.yml; sourceTree = "<group>"; };
		657081502211FBB2000F0D51 /* SwiftGen.sh */ = {isa = PBXFileReference; lastKnownFileType = text.script.sh; path = SwiftGen.sh; sourceTree = "<group>"; };
		657081532211FD7B000F0D51 /* es */ = {isa = PBXFileReference; lastKnownFileType = text.plist.strings; name = es; path = es.lproj/Localizable.strings; sourceTree = "<group>"; };
		657081562211FD7B000F0D51 /* Base */ = {isa = PBXFileReference; lastKnownFileType = text.plist.strings; name = Base; path = Base.lproj/Localizable.strings; sourceTree = "<group>"; };
		6570815E2211FE47000F0D51 /* Localization.swift */ = {isa = PBXFileReference; fileEncoding = 4; lastKnownFileType = sourcecode.swift; path = Localization.swift; sourceTree = "<group>"; };
		6570816222120404000F0D51 /* Assets.swift */ = {isa = PBXFileReference; fileEncoding = 4; lastKnownFileType = sourcecode.swift; path = Assets.swift; sourceTree = "<group>"; };
		657081652212080A000F0D51 /* MaterialDesignColors.clr */ = {isa = PBXFileReference; lastKnownFileType = file; path = MaterialDesignColors.clr; sourceTree = "<group>"; };
		6570816822120B88000F0D51 /* SF-Pro-Display-Medium.otf */ = {isa = PBXFileReference; lastKnownFileType = file; path = "SF-Pro-Display-Medium.otf"; sourceTree = "<group>"; };
		6570816922120B88000F0D51 /* SF-Pro-Display-Bold.otf */ = {isa = PBXFileReference; lastKnownFileType = file; path = "SF-Pro-Display-Bold.otf"; sourceTree = "<group>"; };
		6570816A22120B88000F0D51 /* SF-Pro-Display-Heavy.otf */ = {isa = PBXFileReference; lastKnownFileType = file; path = "SF-Pro-Display-Heavy.otf"; sourceTree = "<group>"; };
		6570816B22120B88000F0D51 /* SFCompactDisplay-Regular.otf */ = {isa = PBXFileReference; lastKnownFileType = file; path = "SFCompactDisplay-Regular.otf"; sourceTree = "<group>"; };
		6570816C22120B88000F0D51 /* SFCompactDisplay-Medium.otf */ = {isa = PBXFileReference; lastKnownFileType = file; path = "SFCompactDisplay-Medium.otf"; sourceTree = "<group>"; };
		6570816D22120B88000F0D51 /* SF-Pro-Display-Regular.otf */ = {isa = PBXFileReference; lastKnownFileType = file; path = "SF-Pro-Display-Regular.otf"; sourceTree = "<group>"; };
		6570816E22120B88000F0D51 /* SFCompactDisplay-Light.otf */ = {isa = PBXFileReference; lastKnownFileType = file; path = "SFCompactDisplay-Light.otf"; sourceTree = "<group>"; };
		6570816F22120B88000F0D51 /* SFCompactDisplay-Bold.otf */ = {isa = PBXFileReference; lastKnownFileType = file; path = "SFCompactDisplay-Bold.otf"; sourceTree = "<group>"; };
		6570817022120B88000F0D51 /* SF-Pro-Display-Light.otf */ = {isa = PBXFileReference; lastKnownFileType = file; path = "SF-Pro-Display-Light.otf"; sourceTree = "<group>"; };
		6570817122120B88000F0D51 /* SFCompactDisplay-Heavy.otf */ = {isa = PBXFileReference; lastKnownFileType = file; path = "SFCompactDisplay-Heavy.otf"; sourceTree = "<group>"; };
		6570817C22120BED000F0D51 /* Colors.swift */ = {isa = PBXFileReference; fileEncoding = 4; lastKnownFileType = sourcecode.swift; path = Colors.swift; sourceTree = "<group>"; };
		6570817E22120BFA000F0D51 /* Fonts.swift */ = {isa = PBXFileReference; fileEncoding = 4; lastKnownFileType = sourcecode.swift; path = Fonts.swift; sourceTree = "<group>"; };
		6586273E22118A76000657CA /* ProjectTemplate.app */ = {isa = PBXFileReference; explicitFileType = wrapper.application; includeInIndex = 0; path = ProjectTemplate.app; sourceTree = BUILT_PRODUCTS_DIR; };
		6586274322118A76000657CA /* ViewController.swift */ = {isa = PBXFileReference; lastKnownFileType = sourcecode.swift; path = ViewController.swift; sourceTree = "<group>"; };
		6586274622118A76000657CA /* Base */ = {isa = PBXFileReference; lastKnownFileType = file.storyboard; name = Base; path = Base.lproj/Main.storyboard; sourceTree = "<group>"; };
		6586274B22118A77000657CA /* Base */ = {isa = PBXFileReference; lastKnownFileType = file.storyboard; name = Base; path = Base.lproj/LaunchScreen.storyboard; sourceTree = "<group>"; };
		6586274D22118A77000657CA /* Info.plist */ = {isa = PBXFileReference; lastKnownFileType = text.plist.xml; path = Info.plist; sourceTree = "<group>"; };
		6586275322118D8E000657CA /* Cartfile */ = {isa = PBXFileReference; fileEncoding = 4; lastKnownFileType = text; path = Cartfile; sourceTree = "<group>"; };
		6586275622118DDB000657CA /* FontAwesome.framework */ = {isa = PBXFileReference; lastKnownFileType = wrapper.framework; name = FontAwesome.framework; path = Carthage/Build/iOS/FontAwesome.framework; sourceTree = "<group>"; };
		6586275722118DDB000657CA /* Async.framework */ = {isa = PBXFileReference; lastKnownFileType = wrapper.framework; name = Async.framework; path = Carthage/Build/iOS/Async.framework; sourceTree = "<group>"; };
		6586275822118DDB000657CA /* Peek.framework */ = {isa = PBXFileReference; lastKnownFileType = wrapper.framework; name = Peek.framework; path = Carthage/Build/iOS/Peek.framework; sourceTree = "<group>"; };
		6586275922118DDB000657CA /* SwiftyUtils.framework */ = {isa = PBXFileReference; lastKnownFileType = wrapper.framework; name = SwiftyUtils.framework; path = Carthage/Build/iOS/SwiftyUtils.framework; sourceTree = "<group>"; };
		6586275A22118DDB000657CA /* Haptica.framework */ = {isa = PBXFileReference; lastKnownFileType = wrapper.framework; name = Haptica.framework; path = Carthage/Build/iOS/Haptica.framework; sourceTree = "<group>"; };
		6586275B22118DDB000657CA /* AppFolder.framework */ = {isa = PBXFileReference; lastKnownFileType = wrapper.framework; name = AppFolder.framework; path = Carthage/Build/iOS/AppFolder.framework; sourceTree = "<group>"; };
		658627762211B48F000657CA /* AppDelegate.swift */ = {isa = PBXFileReference; fileEncoding = 4; lastKnownFileType = sourcecode.swift; path = AppDelegate.swift; sourceTree = "<group>"; };
		6586277A2211B4D0000657CA /* Assets.xcassets */ = {isa = PBXFileReference; lastKnownFileType = folder.assetcatalog; path = Assets.xcassets; sourceTree = "<group>"; };
		658627802211B57C000657CA /* README.md */ = {isa = PBXFileReference; lastKnownFileType = net.daringfireball.markdown; path = README.md; sourceTree = "<group>"; };
		65A0D6202221772300A2E284 /* SideVolumeHUDHolderView.swift */ = {isa = PBXFileReference; lastKnownFileType = sourcecode.swift; path = SideVolumeHUDHolderView.swift; sourceTree = "<group>"; };
		65A0D6222221772C00A2E284 /* SideVolumeHUDView.swift */ = {isa = PBXFileReference; lastKnownFileType = sourcecode.swift; path = SideVolumeHUDView.swift; sourceTree = "<group>"; };
		65A0D6242221CFE300A2E284 /* SideVolumeHUD.swift */ = {isa = PBXFileReference; lastKnownFileType = sourcecode.swift; path = SideVolumeHUD.swift; sourceTree = "<group>"; };
		65A0D6512234616900A2E284 /* Future.swift */ = {isa = PBXFileReference; lastKnownFileType = sourcecode.swift; path = Future.swift; sourceTree = "<group>"; };
		65A0D653223469C100A2E284 /* Promises.framework */ = {isa = PBXFileReference; lastKnownFileType = wrapper.framework; name = Promises.framework; path = Carthage/Build/iOS/Promises.framework; sourceTree = "<group>"; };
		65A0D65622346E4700A2E284 /* FBLPromises.framework */ = {isa = PBXFileReference; lastKnownFileType = wrapper.framework; name = FBLPromises.framework; path = Carthage/Build/iOS/FBLPromises.framework; sourceTree = "<group>"; };
		65A0D6592235306100A2E284 /* Network+Extension.swift */ = {isa = PBXFileReference; lastKnownFileType = sourcecode.swift; path = "Network+Extension.swift"; sourceTree = "<group>"; };
		65A0D65C223530A200A2E284 /* TODOEndpoint.swift */ = {isa = PBXFileReference; lastKnownFileType = sourcecode.swift; path = TODOEndpoint.swift; sourceTree = "<group>"; };
		65A0D65E2235314C00A2E284 /* TODOConstants.swift */ = {isa = PBXFileReference; lastKnownFileType = sourcecode.swift; path = TODOConstants.swift; sourceTree = "<group>"; };
		65A0D662223532EA00A2E284 /* TODOAPIClient.swift */ = {isa = PBXFileReference; lastKnownFileType = sourcecode.swift; path = TODOAPIClient.swift; sourceTree = "<group>"; };
		65A0D6642235336800A2E284 /* TODOAPIClientModels.swift */ = {isa = PBXFileReference; lastKnownFileType = sourcecode.swift; path = TODOAPIClientModels.swift; sourceTree = "<group>"; };
		65A0D66822353B7500A2E284 /* TODOServiceModels.swift */ = {isa = PBXFileReference; lastKnownFileType = sourcecode.swift; path = TODOServiceModels.swift; sourceTree = "<group>"; };
		65A0D66A22353B7D00A2E284 /* TODOService.swift */ = {isa = PBXFileReference; lastKnownFileType = sourcecode.swift; path = TODOService.swift; sourceTree = "<group>"; };
		65A0D66C22354F6600A2E284 /* TODO.swift */ = {isa = PBXFileReference; lastKnownFileType = sourcecode.swift; path = TODO.swift; sourceTree = "<group>"; };
		65C0BC12221A05E30023F75F /* Alamofire.framework */ = {isa = PBXFileReference; lastKnownFileType = wrapper.framework; name = Alamofire.framework; path = Carthage/Build/iOS/Alamofire.framework; sourceTree = "<group>"; };
		65D36B82223D625300CDBFD6 /* AppThemeProtocols.swift */ = {isa = PBXFileReference; lastKnownFileType = sourcecode.swift; path = AppThemeProtocols.swift; sourceTree = "<group>"; };
		65D36B84223D72B400CDBFD6 /* AppTheme.swift */ = {isa = PBXFileReference; lastKnownFileType = sourcecode.swift; path = AppTheme.swift; sourceTree = "<group>"; };
		65DAA8B4221C840300F0A08C /* Json.swift */ = {isa = PBXFileReference; lastKnownFileType = sourcecode.swift; path = Json.swift; sourceTree = "<group>"; };
		65DAA8B6221C842B00F0A08C /* JsonConvertible.swift */ = {isa = PBXFileReference; lastKnownFileType = sourcecode.swift; path = JsonConvertible.swift; sourceTree = "<group>"; };
		65DAA8B8221C856600F0A08C /* Logger.swift */ = {isa = PBXFileReference; lastKnownFileType = sourcecode.swift; path = Logger.swift; sourceTree = "<group>"; };
		65DAA8E6221F4CE900F0A08C /* IBLocalizable.framework */ = {isa = PBXFileReference; lastKnownFileType = wrapper.framework; name = IBLocalizable.framework; path = Carthage/Build/iOS/IBLocalizable.framework; sourceTree = "<group>"; };
		65DAA8E8221FDDCE00F0A08C /* Json+Alamofire+Extensions.swift */ = {isa = PBXFileReference; lastKnownFileType = sourcecode.swift; path = "Json+Alamofire+Extensions.swift"; sourceTree = "<group>"; };
		65DFFC472235592300E678EC /* APIClient.swift */ = {isa = PBXFileReference; lastKnownFileType = sourcecode.swift; path = APIClient.swift; sourceTree = "<group>"; };
		65DFFC492235594400E678EC /* MappableModel.swift */ = {isa = PBXFileReference; lastKnownFileType = sourcecode.swift; path = MappableModel.swift; sourceTree = "<group>"; };
		65DFFC4B2235595B00E678EC /* APIConfiguration.swift */ = {isa = PBXFileReference; lastKnownFileType = sourcecode.swift; path = APIConfiguration.swift; sourceTree = "<group>"; };
		65DFFC4D2235684900E678EC /* APIService.swift */ = {isa = PBXFileReference; lastKnownFileType = sourcecode.swift; path = APIService.swift; sourceTree = "<group>"; };
		65DFFC4F2235689800E678EC /* TODOServiceViewModels.swift */ = {isa = PBXFileReference; lastKnownFileType = sourcecode.swift; path = TODOServiceViewModels.swift; sourceTree = "<group>"; };
		65DFFC5122356C7E00E678EC /* ViewModel.swift */ = {isa = PBXFileReference; lastKnownFileType = sourcecode.swift; path = ViewModel.swift; sourceTree = "<group>"; };
		65DFFC532235754200E678EC /* LocalConfig.swift */ = {isa = PBXFileReference; lastKnownFileType = sourcecode.swift; path = LocalConfig.swift; sourceTree = "<group>"; };
		65ED19C7223D4E3600822F8E /* Resource.swift */ = {isa = PBXFileReference; lastKnownFileType = sourcecode.swift; path = Resource.swift; sourceTree = "<group>"; };
		65ED19CA223D56C200822F8E /* AppConfig+Details.swift */ = {isa = PBXFileReference; fileEncoding = 4; lastKnownFileType = sourcecode.swift; path = "AppConfig+Details.swift"; sourceTree = "<group>"; };
		65ED19CB223D56C200822F8E /* Color.swift */ = {isa = PBXFileReference; fileEncoding = 4; lastKnownFileType = sourcecode.swift; path = Color.swift; sourceTree = "<group>"; };
		65ED19CC223D56C200822F8E /* LoadConfig+Extensions.swift */ = {isa = PBXFileReference; fileEncoding = 4; lastKnownFileType = sourcecode.swift; path = "LoadConfig+Extensions.swift"; sourceTree = "<group>"; };
		65ED19CD223D56C200822F8E /* ViewState.swift */ = {isa = PBXFileReference; fileEncoding = 4; lastKnownFileType = sourcecode.swift; path = ViewState.swift; sourceTree = "<group>"; };
		65ED19CE223D56C200822F8E /* DynamicAppConfig.swift */ = {isa = PBXFileReference; fileEncoding = 4; lastKnownFileType = sourcecode.swift; path = DynamicAppConfig.swift; sourceTree = "<group>"; };
		65ED19D5223D5CD100822F8E /* Cache.swift */ = {isa = PBXFileReference; lastKnownFileType = sourcecode.swift; path = Cache.swift; sourceTree = "<group>"; };
		65ED19D7223D5CE300822F8E /* UserDefault.swift */ = {isa = PBXFileReference; lastKnownFileType = sourcecode.swift; path = UserDefault.swift; sourceTree = "<group>"; };
		65ED19D9223D5D0000822F8E /* DiskStorage.swift */ = {isa = PBXFileReference; lastKnownFileType = sourcecode.swift; path = DiskStorage.swift; sourceTree = "<group>"; };
		B02F1D530D489BC5CC19155D /* APIConfiguration+Sourcery.generated.swift */ = {isa = PBXFileReference; fileEncoding = 4; lastKnownFileType = sourcecode.swift; path = "APIConfiguration+Sourcery.generated.swift"; sourceTree = "<group>"; };
		B02F1E8D7171295794538BBA /* APIConfiguration+Sourcery.stencil */ = {isa = PBXFileReference; lastKnownFileType = file.stencil; path = "APIConfiguration+Sourcery.stencil"; sourceTree = "<group>"; };
/* End PBXFileReference section */

/* Begin PBXFrameworksBuildPhase section */
		6586273B22118A76000657CA /* Frameworks */ = {
			isa = PBXFrameworksBuildPhase;
			buildActionMask = 2147483647;
			files = (
				65A0D6662235364200A2E284 /* Alamofire.framework in Frameworks */,
				65A0D65722346E4700A2E284 /* FBLPromises.framework in Frameworks */,
				65A0D654223469C100A2E284 /* Promises.framework in Frameworks */,
				65DAA8E7221F4CE900F0A08C /* IBLocalizable.framework in Frameworks */,
				6586276A22119F29000657CA /* FontAwesome.framework in Frameworks */,
				6586276922119C4A000657CA /* Peek.framework in Frameworks */,
				6586275D22118DDB000657CA /* Async.framework in Frameworks */,
				6586275F22118DDB000657CA /* SwiftyUtils.framework in Frameworks */,
				6586276022118DDB000657CA /* Haptica.framework in Frameworks */,
				6586276122118DDB000657CA /* AppFolder.framework in Frameworks */,
			);
			runOnlyForDeploymentPostprocessing = 0;
		};
/* End PBXFrameworksBuildPhase section */

/* Begin PBXGroup section */
		6512BBA12249659200874F70 /* Implementation */ = {
			isa = PBXGroup;
			children = (
				65A0D66A22353B7D00A2E284 /* TODOService.swift */,
				6512BBA2224965AC00874F70 /* TODOMockService.swift */,
			);
			path = Implementation;
			sourceTree = "<group>";
		};
		657081482211F855000F0D51 /* scripts */ = {
			isa = PBXGroup;
			children = (
				6570814E2211FB98000F0D51 /* swiftgen */,
				6570814A2211F855000F0D51 /* Periphery.sh */,
				6570814B2211F855000F0D51 /* TODOs.sh */,
			);
			path = scripts;
			sourceTree = "<group>";
		};
		6570814E2211FB98000F0D51 /* swiftgen */ = {
			isa = PBXGroup;
			children = (
				6570814F2211FB98000F0D51 /* swiftgen.yml */,
				657081502211FBB2000F0D51 /* SwiftGen.sh */,
			);
			path = swiftgen;
			sourceTree = "<group>";
		};
		657081512211FD7B000F0D51 /* L10n */ = {
			isa = PBXGroup;
			children = (
				6570815E2211FE47000F0D51 /* Localization.swift */,
				657081522211FD7B000F0D51 /* Localizable.strings */,
			);
			path = L10n;
			sourceTree = "<group>";
		};
		657081602211FF21000F0D51 /* fonts */ = {
			isa = PBXGroup;
			children = (
				6570816722120B52000F0D51 /* sources */,
				6570817E22120BFA000F0D51 /* Fonts.swift */,
			);
			path = fonts;
			sourceTree = "<group>";
		};
		657081612212038B000F0D51 /* assets */ = {
			isa = PBXGroup;
			children = (
				6570816222120404000F0D51 /* Assets.swift */,
				6586277A2211B4D0000657CA /* Assets.xcassets */,
			);
			path = assets;
			sourceTree = "<group>";
		};
		657081642212075A000F0D51 /* colors */ = {
			isa = PBXGroup;
			children = (
				6570816622120AC2000F0D51 /* sources */,
				6570817C22120BED000F0D51 /* Colors.swift */,
				65D36B84223D72B400CDBFD6 /* AppTheme.swift */,
			);
			path = colors;
			sourceTree = "<group>";
		};
		6570816622120AC2000F0D51 /* sources */ = {
			isa = PBXGroup;
			children = (
				657081652212080A000F0D51 /* MaterialDesignColors.clr */,
			);
			path = sources;
			sourceTree = "<group>";
		};
		6570816722120B52000F0D51 /* sources */ = {
			isa = PBXGroup;
			children = (
				6570816922120B88000F0D51 /* SF-Pro-Display-Bold.otf */,
				6570816A22120B88000F0D51 /* SF-Pro-Display-Heavy.otf */,
				6570817022120B88000F0D51 /* SF-Pro-Display-Light.otf */,
				6570816822120B88000F0D51 /* SF-Pro-Display-Medium.otf */,
				6570816D22120B88000F0D51 /* SF-Pro-Display-Regular.otf */,
				6570816F22120B88000F0D51 /* SFCompactDisplay-Bold.otf */,
				6570817122120B88000F0D51 /* SFCompactDisplay-Heavy.otf */,
				6570816E22120B88000F0D51 /* SFCompactDisplay-Light.otf */,
				6570816C22120B88000F0D51 /* SFCompactDisplay-Medium.otf */,
				6570816B22120B88000F0D51 /* SFCompactDisplay-Regular.otf */,
			);
			path = sources;
			sourceTree = "<group>";
		};
		6586273522118A76000657CA = {
			isa = PBXGroup;
			children = (
				6586277E2211B55D000657CA /* Other */,
				657081482211F855000F0D51 /* scripts */,
				6586274022118A76000657CA /* ProjectTemplate */,
				6586273F22118A76000657CA /* Products */,
				6586275522118DDB000657CA /* Frameworks */,
			);
			sourceTree = "<group>";
		};
		6586273F22118A76000657CA /* Products */ = {
			isa = PBXGroup;
			children = (
				6586273E22118A76000657CA /* ProjectTemplate.app */,
			);
			name = Products;
			sourceTree = "<group>";
		};
		6586274022118A76000657CA /* ProjectTemplate */ = {
			isa = PBXGroup;
			children = (
				65DFFC552235A7BF00E678EC /* libraries */,
				65A0D65822352FD600A2E284 /* Network */,
				65DAA8B2221C83DD00F0A08C /* utils */,
				658627722211B3E4000657CA /* config */,
				658627742211B40A000657CA /* resources */,
				658627732211B3F3000657CA /* Models */,
				658627702211B3CC000657CA /* Extensions */,
				658627712211B3D0000657CA /* ViewControllers */,
				6586274522118A76000657CA /* Main.storyboard */,
				6586274A22118A77000657CA /* LaunchScreen.storyboard */,
				6586274D22118A77000657CA /* Info.plist */,
			);
			path = ProjectTemplate;
			sourceTree = "<group>";
		};
		6586275522118DDB000657CA /* Frameworks */ = {
			isa = PBXGroup;
			children = (
				65A0D65622346E4700A2E284 /* FBLPromises.framework */,
				65A0D653223469C100A2E284 /* Promises.framework */,
				65DAA8E6221F4CE900F0A08C /* IBLocalizable.framework */,
				65C0BC12221A05E30023F75F /* Alamofire.framework */,
				6586275B22118DDB000657CA /* AppFolder.framework */,
				6586275722118DDB000657CA /* Async.framework */,
				6586275622118DDB000657CA /* FontAwesome.framework */,
				6586275A22118DDB000657CA /* Haptica.framework */,
				6586275822118DDB000657CA /* Peek.framework */,
				6586275922118DDB000657CA /* SwiftyUtils.framework */,
			);
			name = Frameworks;
			sourceTree = "<group>";
		};
		658627702211B3CC000657CA /* Extensions */ = {
			isa = PBXGroup;
			children = (
			);
			path = Extensions;
			sourceTree = "<group>";
		};
		658627712211B3D0000657CA /* ViewControllers */ = {
			isa = PBXGroup;
			children = (
				6586274322118A76000657CA /* ViewController.swift */,
			);
			path = ViewControllers;
			sourceTree = "<group>";
		};
		658627722211B3E4000657CA /* config */ = {
			isa = PBXGroup;
			children = (
				658627762211B48F000657CA /* AppDelegate.swift */,
			);
			path = config;
			sourceTree = "<group>";
		};
		658627732211B3F3000657CA /* Models */ = {
			isa = PBXGroup;
			children = (
			);
			path = Models;
			sourceTree = "<group>";
		};
		658627742211B40A000657CA /* resources */ = {
			isa = PBXGroup;
			children = (
				65D36B86223D72DA00CDBFD6 /* savedData */,
				657081512211FD7B000F0D51 /* L10n */,
				657081642212075A000F0D51 /* colors */,
				657081612212038B000F0D51 /* assets */,
				657081602211FF21000F0D51 /* fonts */,
				65ED19C7223D4E3600822F8E /* Resource.swift */,
			);
			path = resources;
			sourceTree = "<group>";
		};
		6586277E2211B55D000657CA /* Other */ = {
			isa = PBXGroup;
			children = (
				6586277F2211B56A000657CA /* Github */,
				6586275322118D8E000657CA /* Cartfile */,
			);
			name = Other;
			sourceTree = "<group>";
		};
		6586277F2211B56A000657CA /* Github */ = {
			isa = PBXGroup;
			children = (
				658627802211B57C000657CA /* README.md */,
			);
			name = Github;
			sourceTree = "<group>";
		};
		65A0D61F2221771500A2E284 /* SideVolumeHUD */ = {
			isa = PBXGroup;
			children = (
				65A0D6242221CFE300A2E284 /* SideVolumeHUD.swift */,
				65A0D6202221772300A2E284 /* SideVolumeHUDHolderView.swift */,
				65A0D6222221772C00A2E284 /* SideVolumeHUDView.swift */,
			);
			path = SideVolumeHUD;
			sourceTree = "<group>";
		};
		65A0D65822352FD600A2E284 /* Network */ = {
			isa = PBXGroup;
			children = (
				65A0D65B2235308700A2E284 /* TODO */,
			);
			path = Network;
			sourceTree = "<group>";
		};
		65A0D65B2235308700A2E284 /* TODO */ = {
			isa = PBXGroup;
			children = (
				65A0D66722353B5800A2E284 /* Service */,
				65A0D661223532DC00A2E284 /* apiClient */,
				65A0D660223532A400A2E284 /* config */,
				65A0D66C22354F6600A2E284 /* TODO.swift */,
			);
			path = TODO;
			sourceTree = "<group>";
		};
		65A0D660223532A400A2E284 /* config */ = {
			isa = PBXGroup;
			children = (
				65A0D65E2235314C00A2E284 /* TODOConstants.swift */,
				65A0D65C223530A200A2E284 /* TODOEndpoint.swift */,
			);
			path = config;
			sourceTree = "<group>";
		};
		65A0D661223532DC00A2E284 /* apiClient */ = {
			isa = PBXGroup;
			children = (
				65A0D662223532EA00A2E284 /* TODOAPIClient.swift */,
				65A0D6642235336800A2E284 /* TODOAPIClientModels.swift */,
			);
			path = apiClient;
			sourceTree = "<group>";
		};
		65A0D66722353B5800A2E284 /* Service */ = {
			isa = PBXGroup;
			children = (
				6512BBA12249659200874F70 /* Implementation */,
				6512BB9F224961E200874F70 /* TODOServiceProtocol.swift */,
				65A0D66822353B7500A2E284 /* TODOServiceModels.swift */,
				65DFFC4F2235689800E678EC /* TODOServiceViewModels.swift */,
			);
			path = Service;
			sourceTree = "<group>";
		};
		65D36B86223D72DA00CDBFD6 /* savedData */ = {
			isa = PBXGroup;
			children = (
				65DFFC532235754200E678EC /* LocalConfig.swift */,
			);
			path = savedData;
			sourceTree = "<group>";
		};
		65D36B87223D730700CDBFD6 /* savedData */ = {
			isa = PBXGroup;
			children = (
				65ED19C9223D56B400822F8E /* DynamicAppConfig */,
				65ED19D5223D5CD100822F8E /* Cache.swift */,
				65ED19D7223D5CE300822F8E /* UserDefault.swift */,
				65ED19D9223D5D0000822F8E /* DiskStorage.swift */,
			);
			path = savedData;
			sourceTree = "<group>";
		};
		65D36B88223D731B00CDBFD6 /* Views */ = {
			isa = PBXGroup;
			children = (
				65A0D61F2221771500A2E284 /* SideVolumeHUD */,
			);
			path = Views;
			sourceTree = "<group>";
		};
		65DAA8B2221C83DD00F0A08C /* utils */ = {
			isa = PBXGroup;
			children = (
				B02F1E1F95B1FD3A0FF185BE /* sourcery */,
			);
			path = utils;
			sourceTree = "<group>";
		};
		65DAA8B3221C83FA00F0A08C /* Json */ = {
			isa = PBXGroup;
			children = (
				65DAA8B4221C840300F0A08C /* Json.swift */,
				65DAA8B6221C842B00F0A08C /* JsonConvertible.swift */,
				65DAA8E8221FDDCE00F0A08C /* Json+Alamofire+Extensions.swift */,
			);
			path = Json;
			sourceTree = "<group>";
		};
		65DFFC462235591800E678EC /* Network */ = {
			isa = PBXGroup;
			children = (
				65A0D6592235306100A2E284 /* Network+Extension.swift */,
				65DFFC472235592300E678EC /* APIClient.swift */,
				65DFFC4D2235684900E678EC /* APIService.swift */,
				65DFFC492235594400E678EC /* MappableModel.swift */,
				65DFFC4B2235595B00E678EC /* APIConfiguration.swift */,
				65DFFC5122356C7E00E678EC /* ViewModel.swift */,
			);
			path = Network;
			sourceTree = "<group>";
		};
		65DFFC552235A7BF00E678EC /* libraries */ = {
			isa = PBXGroup;
			children = (
				65D36B88223D731B00CDBFD6 /* Views */,
				65ED19D4223D5CC500822F8E /* Resources */,
				65DFFC462235591800E678EC /* Network */,
				65DAA8B3221C83FA00F0A08C /* Json */,
				65DAA8B8221C856600F0A08C /* Logger.swift */,
				65A0D6512234616900A2E284 /* Future.swift */,
			);
			path = libraries;
			sourceTree = "<group>";
		};
		65ED19C9223D56B400822F8E /* DynamicAppConfig */ = {
			isa = PBXGroup;
			children = (
				65ED19CE223D56C200822F8E /* DynamicAppConfig.swift */,
				65ED19CA223D56C200822F8E /* AppConfig+Details.swift */,
				65ED19CB223D56C200822F8E /* Color.swift */,
				65ED19CC223D56C200822F8E /* LoadConfig+Extensions.swift */,
				65ED19CD223D56C200822F8E /* ViewState.swift */,
			);
			path = DynamicAppConfig;
			sourceTree = "<group>";
		};
		65ED19D4223D5CC500822F8E /* Resources */ = {
			isa = PBXGroup;
			children = (
				65D36B87223D730700CDBFD6 /* savedData */,
				65D36B82223D625300CDBFD6 /* AppThemeProtocols.swift */,
			);
			path = Resources;
			sourceTree = "<group>";
		};
		B02F1C38D2B491C57CE2D1B8 /* templates */ = {
			isa = PBXGroup;
			children = (
				B02F1E8D7171295794538BBA /* APIConfiguration+Sourcery.stencil */,
			);
			path = templates;
			sourceTree = "<group>";
		};
		B02F1E1F95B1FD3A0FF185BE /* sourcery */ = {
			isa = PBXGroup;
			children = (
				B02F1C38D2B491C57CE2D1B8 /* templates */,
				B02F1D530D489BC5CC19155D /* APIConfiguration+Sourcery.generated.swift */,
			);
			path = sourcery;
			sourceTree = "<group>";
		};
/* End PBXGroup section */

/* Begin PBXNativeTarget section */
		6586273D22118A76000657CA /* ProjectTemplate */ = {
			isa = PBXNativeTarget;
			buildConfigurationList = 6586275022118A77000657CA /* Build configuration list for PBXNativeTarget "ProjectTemplate" */;
			buildPhases = (
				6586273A22118A76000657CA /* Sources */,
				6586273B22118A76000657CA /* Frameworks */,
				6586273C22118A76000657CA /* Resources */,
				6586276222119513000657CA /* ShellScript */,
			);
			buildRules = (
			);
			dependencies = (
			);
			name = ProjectTemplate;
			productName = TestProject1;
			productReference = 6586273E22118A76000657CA /* ProjectTemplate.app */;
			productType = "com.apple.product-type.application";
		};
/* End PBXNativeTarget section */

/* Begin PBXProject section */
		6586273622118A76000657CA /* Project object */ = {
			isa = PBXProject;
			attributes = {
				LastSwiftUpdateCheck = 1010;
				LastUpgradeCheck = 1010;
				ORGANIZATIONNAME = "Daniel Illescas Romero";
				TargetAttributes = {
					6586273D22118A76000657CA = {
						CreatedOnToolsVersion = 10.1;
					};
					6586276B2211AA66000657CA = {
						CreatedOnToolsVersion = 10.1;
					};
				};
			};
			buildConfigurationList = 6586273922118A76000657CA /* Build configuration list for PBXProject "ProjectTemplate" */;
			compatibilityVersion = "Xcode 9.3";
			developmentRegion = en;
			hasScannedForEncodings = 0;
			knownRegions = (
				en,
				Base,
				es,
			);
			mainGroup = 6586273522118A76000657CA;
			productRefGroup = 6586273F22118A76000657CA /* Products */;
			projectDirPath = "";
			projectRoot = "";
			targets = (
				6586273D22118A76000657CA /* ProjectTemplate */,
				6586276B2211AA66000657CA /* Periphery */,
			);
		};
/* End PBXProject section */

/* Begin PBXResourcesBuildPhase section */
		6586273C22118A76000657CA /* Resources */ = {
			isa = PBXResourcesBuildPhase;
			buildActionMask = 2147483647;
			files = (
				6570817522120B88000F0D51 /* SFCompactDisplay-Regular.otf in Resources */,
				6570817822120B88000F0D51 /* SFCompactDisplay-Light.otf in Resources */,
				6586274C22118A77000657CA /* LaunchScreen.storyboard in Resources */,
				6570817622120B88000F0D51 /* SFCompactDisplay-Medium.otf in Resources */,
				6570817A22120B88000F0D51 /* SF-Pro-Display-Light.otf in Resources */,
				657081582211FD7B000F0D51 /* Localizable.strings in Resources */,
				6570817422120B88000F0D51 /* SF-Pro-Display-Heavy.otf in Resources */,
				6570817322120B88000F0D51 /* SF-Pro-Display-Bold.otf in Resources */,
				6586277B2211B4D0000657CA /* Assets.xcassets in Resources */,
				6570817B22120B88000F0D51 /* SFCompactDisplay-Heavy.otf in Resources */,
				6570817922120B88000F0D51 /* SFCompactDisplay-Bold.otf in Resources */,
				6586274722118A76000657CA /* Main.storyboard in Resources */,
				6570817722120B88000F0D51 /* SF-Pro-Display-Regular.otf in Resources */,
				6570817222120B88000F0D51 /* SF-Pro-Display-Medium.otf in Resources */,
			);
			runOnlyForDeploymentPostprocessing = 0;
		};
/* End PBXResourcesBuildPhase section */

/* Begin PBXShellScriptBuildPhase section */
		6586276222119513000657CA /* ShellScript */ = {
			isa = PBXShellScriptBuildPhase;
			buildActionMask = 2147483647;
			files = (
			);
			inputFileListPaths = (
			);
			inputPaths = (
				"$(SRCROOT)/Carthage/Build/iOS/AppFolder.framework",
				"$(SRCROOT)/Carthage/Build/iOS/Async.framework",
				"$(SRCROOT)/Carthage/Build/iOS/FontAwesome.framework",
				"$(SRCROOT)/Carthage/Build/iOS/Haptica.framework",
				"$(SRCROOT)/Carthage/Build/iOS/SwiftyUtils.framework",
				"$(SRCROOT)/Carthage/Build/iOS/Peek.framework",
				"$(SRCROOT)/Carthage/Build/iOS/Alamofire.framework",
				"$(SRCROOT)/Carthage/Build/iOS/IBLocalizable.framework",
				"$(SRCROOT)/Carthage/Build/iOS/Promises.framework",
				"$(SRCROOT)/Carthage/Build/iOS/FBLPromises.framework",
			);
			outputFileListPaths = (
			);
			outputPaths = (
				"$(BUILT_PRODUCTS_DIR)/$(FRAMEWORKS_FOLDER_PATH)/AppFolder.framework",
				"$(BUILT_PRODUCTS_DIR)/$(FRAMEWORKS_FOLDER_PATH)/Async.framework",
				"$(BUILT_PRODUCTS_DIR)/$(FRAMEWORKS_FOLDER_PATH)/FontAwesome.framework",
				"$(BUILT_PRODUCTS_DIR)/$(FRAMEWORKS_FOLDER_PATH)/Haptica.framework",
				"$(BUILT_PRODUCTS_DIR)/$(FRAMEWORKS_FOLDER_PATH)/SwiftyUtils.framework",
				"$(BUILT_PRODUCTS_DIR)/$(FRAMEWORKS_FOLDER_PATH)/Peek.framework",
				"$(BUILT_PRODUCTS_DIR)/$(FRAMEWORKS_FOLDER_PATH)/Alamofire.framework",
				"$(BUILT_PRODUCTS_DIR)/$(FRAMEWORKS_FOLDER_PATH)/IBLocalizable.framework",
				"$(BUILT_PRODUCTS_DIR)/$(FRAMEWORKS_FOLDER_PATH)/Promises.framework",
				"$(BUILT_PRODUCTS_DIR)/$(FRAMEWORKS_FOLDER_PATH)/FBLPromises.framework",
			);
			runOnlyForDeploymentPostprocessing = 0;
			shellPath = /bin/sh;
			shellScript = "/usr/local/bin/carthage copy-frameworks\nsh \"${SRCROOT}/scripts/TODOs.sh\"\n(cd \"${SRCROOT}/scripts/swiftgen/\"; sh \"SwiftGen.sh\")\n";
		};
		6586276F2211AA73000657CA /* Run Script */ = {
			isa = PBXShellScriptBuildPhase;
			buildActionMask = 2147483647;
			files = (
			);
			inputFileListPaths = (
			);
			inputPaths = (
			);
			name = "Run Script";
			outputFileListPaths = (
			);
			outputPaths = (
			);
			runOnlyForDeploymentPostprocessing = 0;
			shellPath = /bin/sh;
			shellScript = "sh \"${SRCROOT}/Periphery.sh\"\n";
		};
/* End PBXShellScriptBuildPhase section */

/* Begin PBXSourcesBuildPhase section */
		6586273A22118A76000657CA /* Sources */ = {
			isa = PBXSourcesBuildPhase;
			buildActionMask = 2147483647;
			files = (
				65ED19D8223D5CE300822F8E /* UserDefault.swift in Sources */,
				658627772211B490000657CA /* AppDelegate.swift in Sources */,
				65ED19D1223D56C200822F8E /* LoadConfig+Extensions.swift in Sources */,
				65A0D65A2235306100A2E284 /* Network+Extension.swift in Sources */,
				65ED19DA223D5D0000822F8E /* DiskStorage.swift in Sources */,
				65ED19D0223D56C200822F8E /* Color.swift in Sources */,
				65DFFC572235A80600E678EC /* SideVolumeHUD.swift in Sources */,
				65DFFC582235A80900E678EC /* SideVolumeHUDHolderView.swift in Sources */,
				65DFFC592235A80900E678EC /* SideVolumeHUDView.swift in Sources */,
				65DAA8B5221C840300F0A08C /* Json.swift in Sources */,
				65DAA8B7221C842B00F0A08C /* JsonConvertible.swift in Sources */,
				65ED19D3223D56C200822F8E /* DynamicAppConfig.swift in Sources */,
				65ED19D6223D5CD100822F8E /* Cache.swift in Sources */,
				65DAA8E9221FDDCE00F0A08C /* Json+Alamofire+Extensions.swift in Sources */,
				65DFFC5B2235A80C00E678EC /* Logger.swift in Sources */,
				65ED19C8223D4E3600822F8E /* Resource.swift in Sources */,
				65DFFC5C2235A80C00E678EC /* Future.swift in Sources */,
				65A0D66D22354F6600A2E284 /* TODO.swift in Sources */,
				65A0D65D223530A200A2E284 /* TODOEndpoint.swift in Sources */,
				65A0D663223532EA00A2E284 /* TODOAPIClient.swift in Sources */,
				65DFFC5222356C7E00E678EC /* ViewModel.swift in Sources */,
				65A0D6652235336800A2E284 /* TODOAPIClientModels.swift in Sources */,
				65DFFC4E2235684900E678EC /* APIService.swift in Sources */,
				65DFFC542235754200E678EC /* LocalConfig.swift in Sources */,
				65A0D66B22353B7D00A2E284 /* TODOService.swift in Sources */,
				65ED19D2223D56C200822F8E /* ViewState.swift in Sources */,
				65D36B83223D625300CDBFD6 /* AppThemeProtocols.swift in Sources */,
				65A0D66922353B7500A2E284 /* TODOServiceModels.swift in Sources */,
				65DFFC4C2235595B00E678EC /* APIConfiguration.swift in Sources */,
				6512BBA3224965AC00874F70 /* TODOMockService.swift in Sources */,
				65D36B85223D72B400CDBFD6 /* AppTheme.swift in Sources */,
				65A0D65F2235314C00A2E284 /* TODOConstants.swift in Sources */,
				65DFFC4A2235594400E678EC /* MappableModel.swift in Sources */,
				65DFFC482235592300E678EC /* APIClient.swift in Sources */,
				65DFFC502235689800E678EC /* TODOServiceViewModels.swift in Sources */,
				6512BBA0224961E200874F70 /* TODOServiceProtocol.swift in Sources */,
				65ED19CF223D56C200822F8E /* AppConfig+Details.swift in Sources */,
				6570817D22120BEE000F0D51 /* Colors.swift in Sources */,
				6586274422118A76000657CA /* ViewController.swift in Sources */,
				6570816322120404000F0D51 /* Assets.swift in Sources */,
				6570817F22120BFA000F0D51 /* Fonts.swift in Sources */,
				6570815F2211FE47000F0D51 /* Localization.swift in Sources */,
				B02F15442A762B663F563734 /* APIConfiguration+Sourcery.generated.swift in Sources */,
			);
			runOnlyForDeploymentPostprocessing = 0;
		};
/* End PBXSourcesBuildPhase section */

/* Begin PBXVariantGroup section */
		657081522211FD7B000F0D51 /* Localizable.strings */ = {
			isa = PBXVariantGroup;
			children = (
				657081532211FD7B000F0D51 /* es */,
				657081562211FD7B000F0D51 /* Base */,
			);
			name = Localizable.strings;
			sourceTree = "<group>";
		};
		6586274522118A76000657CA /* Main.storyboard */ = {
			isa = PBXVariantGroup;
			children = (
				6586274622118A76000657CA /* Base */,
			);
			name = Main.storyboard;
			sourceTree = "<group>";
		};
		6586274A22118A77000657CA /* LaunchScreen.storyboard */ = {
			isa = PBXVariantGroup;
			children = (
				6586274B22118A77000657CA /* Base */,
			);
			name = LaunchScreen.storyboard;
			sourceTree = "<group>";
		};
/* End PBXVariantGroup section */

/* Begin XCBuildConfiguration section */
		6586274E22118A77000657CA /* Debug */ = {
			isa = XCBuildConfiguration;
			buildSettings = {
				ALWAYS_SEARCH_USER_PATHS = NO;
				CLANG_ANALYZER_LOCALIZABILITY_NONLOCALIZED = YES;
				CLANG_ANALYZER_NONNULL = YES;
				CLANG_ANALYZER_NUMBER_OBJECT_CONVERSION = YES_AGGRESSIVE;
				CLANG_CXX_LANGUAGE_STANDARD = "gnu++14";
				CLANG_CXX_LIBRARY = "libc++";
				CLANG_ENABLE_MODULES = YES;
				CLANG_ENABLE_OBJC_ARC = YES;
				CLANG_ENABLE_OBJC_WEAK = YES;
				CLANG_WARN_BLOCK_CAPTURE_AUTORELEASING = YES;
				CLANG_WARN_BOOL_CONVERSION = YES;
				CLANG_WARN_COMMA = YES;
				CLANG_WARN_CONSTANT_CONVERSION = YES;
				CLANG_WARN_DEPRECATED_OBJC_IMPLEMENTATIONS = YES;
				CLANG_WARN_DIRECT_OBJC_ISA_USAGE = YES_ERROR;
				CLANG_WARN_DOCUMENTATION_COMMENTS = YES;
				CLANG_WARN_EMPTY_BODY = YES;
				CLANG_WARN_ENUM_CONVERSION = YES;
				CLANG_WARN_INFINITE_RECURSION = YES;
				CLANG_WARN_INT_CONVERSION = YES;
				CLANG_WARN_NON_LITERAL_NULL_CONVERSION = YES;
				CLANG_WARN_OBJC_IMPLICIT_RETAIN_SELF = YES;
				CLANG_WARN_OBJC_LITERAL_CONVERSION = YES;
				CLANG_WARN_OBJC_ROOT_CLASS = YES_ERROR;
				CLANG_WARN_RANGE_LOOP_ANALYSIS = YES;
				CLANG_WARN_STRICT_PROTOTYPES = YES;
				CLANG_WARN_SUSPICIOUS_MOVE = YES;
				CLANG_WARN_UNGUARDED_AVAILABILITY = YES_AGGRESSIVE;
				CLANG_WARN_UNREACHABLE_CODE = YES;
				CLANG_WARN__DUPLICATE_METHOD_MATCH = YES;
				CODE_SIGN_IDENTITY = "iPhone Developer";
				COPY_PHASE_STRIP = NO;
				DEBUG_INFORMATION_FORMAT = dwarf;
				ENABLE_STRICT_OBJC_MSGSEND = YES;
				ENABLE_TESTABILITY = YES;
				GCC_C_LANGUAGE_STANDARD = gnu11;
				GCC_DYNAMIC_NO_PIC = NO;
				GCC_NO_COMMON_BLOCKS = YES;
				GCC_OPTIMIZATION_LEVEL = 0;
				GCC_PREPROCESSOR_DEFINITIONS = (
					"DEBUG=1",
					"$(inherited)",
				);
				GCC_WARN_64_TO_32_BIT_CONVERSION = YES;
				GCC_WARN_ABOUT_RETURN_TYPE = YES_ERROR;
				GCC_WARN_UNDECLARED_SELECTOR = YES;
				GCC_WARN_UNINITIALIZED_AUTOS = YES_AGGRESSIVE;
				GCC_WARN_UNUSED_FUNCTION = YES;
				GCC_WARN_UNUSED_VARIABLE = YES;
				IPHONEOS_DEPLOYMENT_TARGET = 12.1;
				MTL_ENABLE_DEBUG_INFO = INCLUDE_SOURCE;
				MTL_FAST_MATH = YES;
				ONLY_ACTIVE_ARCH = YES;
				SDKROOT = iphoneos;
				SWIFT_ACTIVE_COMPILATION_CONDITIONS = DEBUG;
				SWIFT_OPTIMIZATION_LEVEL = "-Onone";
			};
			name = Debug;
		};
		6586274F22118A77000657CA /* Release */ = {
			isa = XCBuildConfiguration;
			buildSettings = {
				ALWAYS_SEARCH_USER_PATHS = NO;
				CLANG_ANALYZER_LOCALIZABILITY_NONLOCALIZED = YES;
				CLANG_ANALYZER_NONNULL = YES;
				CLANG_ANALYZER_NUMBER_OBJECT_CONVERSION = YES_AGGRESSIVE;
				CLANG_CXX_LANGUAGE_STANDARD = "gnu++14";
				CLANG_CXX_LIBRARY = "libc++";
				CLANG_ENABLE_MODULES = YES;
				CLANG_ENABLE_OBJC_ARC = YES;
				CLANG_ENABLE_OBJC_WEAK = YES;
				CLANG_WARN_BLOCK_CAPTURE_AUTORELEASING = YES;
				CLANG_WARN_BOOL_CONVERSION = YES;
				CLANG_WARN_COMMA = YES;
				CLANG_WARN_CONSTANT_CONVERSION = YES;
				CLANG_WARN_DEPRECATED_OBJC_IMPLEMENTATIONS = YES;
				CLANG_WARN_DIRECT_OBJC_ISA_USAGE = YES_ERROR;
				CLANG_WARN_DOCUMENTATION_COMMENTS = YES;
				CLANG_WARN_EMPTY_BODY = YES;
				CLANG_WARN_ENUM_CONVERSION = YES;
				CLANG_WARN_INFINITE_RECURSION = YES;
				CLANG_WARN_INT_CONVERSION = YES;
				CLANG_WARN_NON_LITERAL_NULL_CONVERSION = YES;
				CLANG_WARN_OBJC_IMPLICIT_RETAIN_SELF = YES;
				CLANG_WARN_OBJC_LITERAL_CONVERSION = YES;
				CLANG_WARN_OBJC_ROOT_CLASS = YES_ERROR;
				CLANG_WARN_RANGE_LOOP_ANALYSIS = YES;
				CLANG_WARN_STRICT_PROTOTYPES = YES;
				CLANG_WARN_SUSPICIOUS_MOVE = YES;
				CLANG_WARN_UNGUARDED_AVAILABILITY = YES_AGGRESSIVE;
				CLANG_WARN_UNREACHABLE_CODE = YES;
				CLANG_WARN__DUPLICATE_METHOD_MATCH = YES;
				CODE_SIGN_IDENTITY = "iPhone Developer";
				COPY_PHASE_STRIP = NO;
				DEBUG_INFORMATION_FORMAT = "dwarf-with-dsym";
				ENABLE_NS_ASSERTIONS = NO;
				ENABLE_STRICT_OBJC_MSGSEND = YES;
				GCC_C_LANGUAGE_STANDARD = gnu11;
				GCC_NO_COMMON_BLOCKS = YES;
				GCC_WARN_64_TO_32_BIT_CONVERSION = YES;
				GCC_WARN_ABOUT_RETURN_TYPE = YES_ERROR;
				GCC_WARN_UNDECLARED_SELECTOR = YES;
				GCC_WARN_UNINITIALIZED_AUTOS = YES_AGGRESSIVE;
				GCC_WARN_UNUSED_FUNCTION = YES;
				GCC_WARN_UNUSED_VARIABLE = YES;
				IPHONEOS_DEPLOYMENT_TARGET = 12.1;
				MTL_ENABLE_DEBUG_INFO = NO;
				MTL_FAST_MATH = YES;
				SDKROOT = iphoneos;
				SWIFT_COMPILATION_MODE = wholemodule;
				SWIFT_OPTIMIZATION_LEVEL = "-O";
				VALIDATE_PRODUCT = YES;
			};
			name = Release;
		};
		6586275122118A77000657CA /* Debug */ = {
			isa = XCBuildConfiguration;
			buildSettings = {
				ASSETCATALOG_COMPILER_APPICON_NAME = AppIcon;
				CODE_SIGN_STYLE = Automatic;
				DEVELOPMENT_TEAM = PRK6268SLD;
				FRAMEWORK_SEARCH_PATHS = (
					"$(inherited)",
					"$(PROJECT_DIR)/Carthage/Build/iOS",
				);
				INFOPLIST_FILE = "$(SRCROOT)/ProjectTemplate/Info.plist";
				LD_RUNPATH_SEARCH_PATHS = (
					"$(inherited)",
					"@executable_path/Frameworks",
				);
				PRODUCT_BUNDLE_IDENTIFIER = "es.illescas-daniel.TestProject1";
				PRODUCT_NAME = "$(TARGET_NAME)";
				SWIFT_VERSION = 4.2;
				TARGETED_DEVICE_FAMILY = "1,2";
			};
			name = Debug;
		};
		6586275222118A77000657CA /* Release */ = {
			isa = XCBuildConfiguration;
			buildSettings = {
				ASSETCATALOG_COMPILER_APPICON_NAME = AppIcon;
				CODE_SIGN_STYLE = Automatic;
				DEVELOPMENT_TEAM = PRK6268SLD;
				FRAMEWORK_SEARCH_PATHS = (
					"$(inherited)",
					"$(PROJECT_DIR)/Carthage/Build/iOS",
				);
				INFOPLIST_FILE = "$(SRCROOT)/ProjectTemplate/Info.plist";
				LD_RUNPATH_SEARCH_PATHS = (
					"$(inherited)",
					"@executable_path/Frameworks",
				);
				PRODUCT_BUNDLE_IDENTIFIER = "es.illescas-daniel.TestProject1";
				PRODUCT_NAME = "$(TARGET_NAME)";
				SWIFT_VERSION = 4.2;
				TARGETED_DEVICE_FAMILY = "1,2";
			};
			name = Release;
		};
		6586276D2211AA66000657CA /* Debug */ = {
			isa = XCBuildConfiguration;
			buildSettings = {
				CODE_SIGN_STYLE = Automatic;
				DEVELOPMENT_TEAM = PRK6268SLD;
				PRODUCT_NAME = "$(TARGET_NAME)";
			};
			name = Debug;
		};
		6586276E2211AA66000657CA /* Release */ = {
			isa = XCBuildConfiguration;
			buildSettings = {
				CODE_SIGN_STYLE = Automatic;
				DEVELOPMENT_TEAM = PRK6268SLD;
				PRODUCT_NAME = "$(TARGET_NAME)";
			};
			name = Release;
		};
/* End XCBuildConfiguration section */

/* Begin XCConfigurationList section */
		6586273922118A76000657CA /* Build configuration list for PBXProject "ProjectTemplate" */ = {
			isa = XCConfigurationList;
			buildConfigurations = (
				6586274E22118A77000657CA /* Debug */,
				6586274F22118A77000657CA /* Release */,
			);
			defaultConfigurationIsVisible = 0;
			defaultConfigurationName = Release;
		};
		6586275022118A77000657CA /* Build configuration list for PBXNativeTarget "ProjectTemplate" */ = {
			isa = XCConfigurationList;
			buildConfigurations = (
				6586275122118A77000657CA /* Debug */,
				6586275222118A77000657CA /* Release */,
			);
			defaultConfigurationIsVisible = 0;
			defaultConfigurationName = Release;
		};
		6586276C2211AA66000657CA /* Build configuration list for PBXAggregateTarget "Periphery" */ = {
			isa = XCConfigurationList;
			buildConfigurations = (
				6586276D2211AA66000657CA /* Debug */,
				6586276E2211AA66000657CA /* Release */,
			);
			defaultConfigurationIsVisible = 0;
			defaultConfigurationName = Release;
		};
/* End XCConfigurationList section */
	};
	rootObject = 6586273622118A76000657CA /* Project object */;
}
